
Microsoft Visual Studio Solution File, Format Version 12.00
# Visual Studio 14
VisualStudioVersion = 14.0.23107.0
MinimumVisualStudioVersion = 10.0.40219.1
Project("{FAE04EC0-301F-11D3-BF4B-00C04F79EFBC}") = "RTM.Images.Decoder.ImageSource", "RTM.Images.Decoder.ImageSource\RTM.Images.Decoder.ImageSource.csproj", "{217315B5-7B0C-4771-9705-093EF7AAA7CE}"
EndProject
Project("{FAE04EC0-301F-11D3-BF4B-00C04F79EFBC}") = "RTM.Images.Decoder.Bitmap", "RTM.Images.Decoder.Bitmap\RTM.Images.Decoder.Bitmap.csproj", "{BF7002F3-ECBA-435A-96D7-4637103CE529}"
EndProject
Project("{FAE04EC0-301F-11D3-BF4B-00C04F79EFBC}") = "RTM.Images.Decoder", "RTM.Images.Decoder\RTM.Images.Decoder.csproj", "{C13BAF70-A7F3-4CDF-A438-BDB4D713CD38}"
EndProject
Project("{FAE04EC0-301F-11D3-BF4B-00C04F79EFBC}") = "RTM.Images", "RTM.Images\RTM.Images.csproj", "{398EEBA5-B38E-4AA1-8B49-27C59373856A}"
EndProject
Project("{FAE04EC0-301F-11D3-BF4B-00C04F79EFBC}") = "RTM.Images.Factory", "RTM.Images.Factory\RTM.Images.Factory.csproj", "{05270E5C-F4D1-4684-9793-002B2FC7A6BF}"
EndProject
Global
	GlobalSection(SolutionConfigurationPlatforms) = preSolution
		Debug|Any CPU = Debug|Any CPU
		Release|Any CPU = Release|Any CPU
	EndGlobalSection
	GlobalSection(ProjectConfigurationPlatforms) = postSolution
		{217315B5-7B0C-4771-9705-093EF7AAA7CE}.Debug|Any CPU.ActiveCfg = Debug|Any CPU
		{217315B5-7B0C-4771-9705-093EF7AAA7CE}.Debug|Any CPU.Build.0 = Debug|Any CPU
		{217315B5-7B0C-4771-9705-093EF7AAA7CE}.Release|Any CPU.ActiveCfg = Release|Any CPU
		{217315B5-7B0C-4771-9705-093EF7AAA7CE}.Release|Any CPU.Build.0 = Release|Any CPU
		{BF7002F3-ECBA-435A-96D7-4637103CE529}.Debug|Any CPU.ActiveCfg = Debug|Any CPU
		{BF7002F3-ECBA-435A-96D7-4637103CE529}.Debug|Any CPU.Build.0 = Debug|Any CPU
		{BF7002F3-ECBA-435A-96D7-4637103CE529}.Release|Any CPU.ActiveCfg = Release|Any CPU
		{BF7002F3-ECBA-435A-96D7-4637103CE529}.Release|Any CPU.Build.0 = Release|Any CPU
		{C13BAF70-A7F3-4CDF-A438-BDB4D713CD38}.Debug|Any CPU.ActiveCfg = Debug|Any CPU
		{C13BAF70-A7F3-4CDF-A438-BDB4D713CD38}.Debug|Any CPU.Build.0 = Debug|Any CPU
		{C13BAF70-A7F3-4CDF-A438-BDB4D713CD38}.Release|Any CPU.ActiveCfg = Release|Any CPU
		{C13BAF70-A7F3-4CDF-A438-BDB4D713CD38}.Release|Any CPU.Build.0 = Release|Any CPU
		{398EEBA5-B38E-4AA1-8B49-27C59373856A}.Debug|Any CPU.ActiveCfg = Debug|Any CPU
		{398EEBA5-B38E-4AA1-8B49-27C59373856A}.Debug|Any CPU.Build.0 = Debug|Any CPU
		{398EEBA5-B38E-4AA1-8B49-27C59373856A}.Release|Any CPU.ActiveCfg = Release|Any CPU
		{398EEBA5-B38E-4AA1-8B49-27C59373856A}.Release|Any CPU.Build.0 = Release|Any CPU
		{05270E5C-F4D1-4684-9793-002B2FC7A6BF}.Debug|Any CPU.ActiveCfg = Debug|Any CPU
		{05270E5C-F4D1-4684-9793-002B2FC7A6BF}.Debug|Any CPU.Build.0 = Debug|Any CPU
		{05270E5C-F4D1-4684-9793-002B2FC7A6BF}.Release|Any CPU.ActiveCfg = Release|Any CPU
		{05270E5C-F4D1-4684-9793-002B2FC7A6BF}.Release|Any CPU.Build.0 = Release|Any CPU
	EndGlobalSection
	GlobalSection(SolutionProperties) = preSolution
		HideSolutionNode = FALSE
	EndGlobalSection
EndGlobal
